
Microsoft Visual Studio Solution File, Format Version 12.00
# Visual Studio Version 16
VisualStudioVersion = 16.0.31624.102
MinimumVisualStudioVersion = 10.0.40219.1
Project("{9A19103F-16F7-4668-BE54-9A1E7A4F7556}") = "anaconda", "anaconda\anaconda.csproj", "{657DFD10-AC36-4F96-840D-426B04AF33BC}"
EndProject
Project("{FAE04EC0-301F-11D3-BF4B-00C04F79EFBC}") = "Anaconda.Domain", "Anaconda.Domain\Anaconda.Domain.csproj", "{343913CC-4E36-47B6-9042-1EA659DB887F}"
EndProject
Global
	GlobalSection(SolutionConfigurationPlatforms) = preSolution
		Debug|Any CPU = Debug|Any CPU
		Release|Any CPU = Release|Any CPU
	EndGlobalSection
	GlobalSection(ProjectConfigurationPlatforms) = postSolution
		{657DFD10-AC36-4F96-840D-426B04AF33BC}.Debug|Any CPU.ActiveCfg = Debug|Any CPU
		{657DFD10-AC36-4F96-840D-426B04AF33BC}.Debug|Any CPU.Build.0 = Debug|Any CPU
		{657DFD10-AC36-4F96-840D-426B04AF33BC}.Release|Any CPU.ActiveCfg = Release|Any CPU
		{657DFD10-AC36-4F96-840D-426B04AF33BC}.Release|Any CPU.Build.0 = Release|Any CPU
		{343913CC-4E36-47B6-9042-1EA659DB887F}.Debug|Any CPU.ActiveCfg = Debug|Any CPU
		{343913CC-4E36-47B6-9042-1EA659DB887F}.Debug|Any CPU.Build.0 = Debug|Any CPU
		{343913CC-4E36-47B6-9042-1EA659DB887F}.Release|Any CPU.ActiveCfg = Release|Any CPU
		{343913CC-4E36-47B6-9042-1EA659DB887F}.Release|Any CPU.Build.0 = Release|Any CPU
	EndGlobalSection
	GlobalSection(SolutionProperties) = preSolution
		HideSolutionNode = FALSE
	EndGlobalSection
	GlobalSection(ExtensibilityGlobals) = postSolution
		SolutionGuid = {CD557935-565E-4A30-8EE9-AABA9423FDF8}
	EndGlobalSection
EndGlobal
